
Microsoft Visual Studio Solution File, Format Version 12.00
# Visual Studio Version 16
VisualStudioVersion = 16.0.29519.87
MinimumVisualStudioVersion = 10.0.40219.1
Project("{FAE04EC0-301F-11D3-BF4B-00C04F79EFBC}") = "HelpDesk", "HelpDesk\HelpDesk.csproj", "{B7BC906A-4A37-406F-BD5E-F3BA8E8F177F}"
EndProject
Project("{FAE04EC0-301F-11D3-BF4B-00C04F79EFBC}") = "Models", "Model\Models.csproj", "{FFC47840-55AC-4237-9759-729721E99077}"
EndProject
Project("{FAE04EC0-301F-11D3-BF4B-00C04F79EFBC}") = "StaticResource", "StaticResource\StaticResource.csproj", "{5538D909-9721-409F-AD9E-E389EB26A468}"
EndProject
Global
	GlobalSection(SolutionConfigurationPlatforms) = preSolution
		Debug|Any CPU = Debug|Any CPU
		Release|Any CPU = Release|Any CPU
	EndGlobalSection
	GlobalSection(ProjectConfigurationPlatforms) = postSolution
		{B7BC906A-4A37-406F-BD5E-F3BA8E8F177F}.Debug|Any CPU.ActiveCfg = Debug|Any CPU
		{B7BC906A-4A37-406F-BD5E-F3BA8E8F177F}.Debug|Any CPU.Build.0 = Debug|Any CPU
		{B7BC906A-4A37-406F-BD5E-F3BA8E8F177F}.Release|Any CPU.ActiveCfg = Release|Any CPU
		{B7BC906A-4A37-406F-BD5E-F3BA8E8F177F}.Release|Any CPU.Build.0 = Release|Any CPU
		{FFC47840-55AC-4237-9759-729721E99077}.Debug|Any CPU.ActiveCfg = Debug|Any CPU
		{FFC47840-55AC-4237-9759-729721E99077}.Debug|Any CPU.Build.0 = Debug|Any CPU
		{FFC47840-55AC-4237-9759-729721E99077}.Release|Any CPU.ActiveCfg = Release|Any CPU
		{FFC47840-55AC-4237-9759-729721E99077}.Release|Any CPU.Build.0 = Release|Any CPU
		{5538D909-9721-409F-AD9E-E389EB26A468}.Debug|Any CPU.ActiveCfg = Debug|Any CPU
		{5538D909-9721-409F-AD9E-E389EB26A468}.Debug|Any CPU.Build.0 = Debug|Any CPU
		{5538D909-9721-409F-AD9E-E389EB26A468}.Release|Any CPU.ActiveCfg = Release|Any CPU
		{5538D909-9721-409F-AD9E-E389EB26A468}.Release|Any CPU.Build.0 = Release|Any CPU
	EndGlobalSection
	GlobalSection(SolutionProperties) = preSolution
		HideSolutionNode = FALSE
	EndGlobalSection
	GlobalSection(ExtensibilityGlobals) = postSolution
		SolutionGuid = {1FDB40F1-6892-4ED7-8D2A-C7F5D22191EC}
	EndGlobalSection
EndGlobal
